
Microsoft Visual Studio Solution File, Format Version 12.00
# Visual Studio 2012
Project("{FAE04EC0-301F-11D3-BF4B-00C04F79EFBC}") = "MixpanelBindings", "MixpanelBindings\MixpanelBindings.csproj", "{1BAFC6D7-A205-4CF6-8276-A744D9A23974}"
EndProject
Project("{FAE04EC0-301F-11D3-BF4B-00C04F79EFBC}") = "MixpanelBindingsClassic", "MixpanelBindingsClassic\MixpanelBindingsClassic.csproj", "{6637AA61-1614-42BB-9D34-A3AB40AFB343}"
EndProject
Project("{FAE04EC0-301F-11D3-BF4B-00C04F79EFBC}") = "MixpanelAndroid", "MixpanelAndroid\MixpanelAndroid.csproj", "{7C7D6DB8-C5AA-4DDE-A4EF-C72F2A6F406E}"
EndProject
Global
	GlobalSection(SolutionConfigurationPlatforms) = preSolution
		Debug|Any CPU = Debug|Any CPU
		Release|Any CPU = Release|Any CPU
	EndGlobalSection
	GlobalSection(ProjectConfigurationPlatforms) = postSolution
		{1BAFC6D7-A205-4CF6-8276-A744D9A23974}.Debug|Any CPU.ActiveCfg = Debug|Any CPU
		{1BAFC6D7-A205-4CF6-8276-A744D9A23974}.Debug|Any CPU.Build.0 = Debug|Any CPU
		{1BAFC6D7-A205-4CF6-8276-A744D9A23974}.Release|Any CPU.ActiveCfg = Release|Any CPU
		{1BAFC6D7-A205-4CF6-8276-A744D9A23974}.Release|Any CPU.Build.0 = Release|Any CPU
		{6637AA61-1614-42BB-9D34-A3AB40AFB343}.Debug|Any CPU.ActiveCfg = Debug|Any CPU
		{6637AA61-1614-42BB-9D34-A3AB40AFB343}.Debug|Any CPU.Build.0 = Debug|Any CPU
		{6637AA61-1614-42BB-9D34-A3AB40AFB343}.Release|Any CPU.ActiveCfg = Release|Any CPU
		{6637AA61-1614-42BB-9D34-A3AB40AFB343}.Release|Any CPU.Build.0 = Release|Any CPU
		{7C7D6DB8-C5AA-4DDE-A4EF-C72F2A6F406E}.Debug|Any CPU.ActiveCfg = Debug|Any CPU
		{7C7D6DB8-C5AA-4DDE-A4EF-C72F2A6F406E}.Debug|Any CPU.Build.0 = Debug|Any CPU
		{7C7D6DB8-C5AA-4DDE-A4EF-C72F2A6F406E}.Release|Any CPU.ActiveCfg = Release|Any CPU
		{7C7D6DB8-C5AA-4DDE-A4EF-C72F2A6F406E}.Release|Any CPU.Build.0 = Release|Any CPU
	EndGlobalSection
EndGlobal
